
Microsoft Visual Studio Solution File, Format Version 12.00
# Visual Studio Version 16
VisualStudioVersion = 16.0.31702.278
MinimumVisualStudioVersion = 10.0.40219.1
Project("{FAE04EC0-301F-11D3-BF4B-00C04F79EFBC}") = "Homework6", "Homework6.csproj", "{C9ECC21E-7E6B-4278-9C88-1BED39B1BE54}"
EndProject
Global
	GlobalSection(SolutionConfigurationPlatforms) = preSolution
		Debug|Any CPU = Debug|Any CPU
		Release|Any CPU = Release|Any CPU
	EndGlobalSection
	GlobalSection(ProjectConfigurationPlatforms) = postSolution
		{C9ECC21E-7E6B-4278-9C88-1BED39B1BE54}.Debug|Any CPU.ActiveCfg = Debug|Any CPU
		{C9ECC21E-7E6B-4278-9C88-1BED39B1BE54}.Debug|Any CPU.Build.0 = Debug|Any CPU
		{C9ECC21E-7E6B-4278-9C88-1BED39B1BE54}.Release|Any CPU.ActiveCfg = Release|Any CPU
		{C9ECC21E-7E6B-4278-9C88-1BED39B1BE54}.Release|Any CPU.Build.0 = Release|Any CPU
	EndGlobalSection
	GlobalSection(SolutionProperties) = preSolution
		HideSolutionNode = FALSE
	EndGlobalSection
	GlobalSection(ExtensibilityGlobals) = postSolution
		SolutionGuid = {1CBF2BCB-0BE0-4DA5-9D4F-9E53AC85017D}
	EndGlobalSection
EndGlobal
